// !$*UTF8*$!
{
	archiveVersion = 1;
	classes = {
	};
	objectVersion = 46;
	objects = {

/* Begin PBXBuildFile section */
		2A211B251CA9C962004EA330 /* main.m in Sources */ = {isa = PBXBuildFile; fileRef = 2A211B241CA9C962004EA330 /* main.m */; };
		2A211B281CA9C962004EA330 /* AppDelegate.m in Sources */ = {isa = PBXBuildFile; fileRef = 2A211B271CA9C962004EA330 /* AppDelegate.m */; };
		2A211B2E1CA9C962004EA330 /* Main.storyboard in Resources */ = {isa = PBXBuildFile; fileRef = 2A211B2C1CA9C962004EA330 /* Main.storyboard */; };
		2A211B301CA9C962004EA330 /* Assets.xcassets in Resources */ = {isa = PBXBuildFile; fileRef = 2A211B2F1CA9C962004EA330 /* Assets.xcassets */; };
		2A211B331CA9C962004EA330 /* LaunchScreen.storyboard in Resources */ = {isa = PBXBuildFile; fileRef = 2A211B311CA9C962004EA330 /* LaunchScreen.storyboard */; };
		2A211B3E1CA9C962004EA330 /* PhotoViewerAppTests.m in Sources */ = {isa = PBXBuildFile; fileRef = 2A211B3D1CA9C962004EA330 /* PhotoViewerAppTests.m */; };
		2A211B491CA9C962004EA330 /* PhotoViewerAppUITests.m in Sources */ = {isa = PBXBuildFile; fileRef = 2A211B481CA9C962004EA330 /* PhotoViewerAppUITests.m */; };
		2A211B771CAB18F9004EA330 /* PhotosTableViewController.m in Sources */ = {isa = PBXBuildFile; fileRef = 2A211B761CAB18F9004EA330 /* PhotosTableViewController.m */; };
		2A211B7A1CAB1936004EA330 /* DisplayViewController.m in Sources */ = {isa = PBXBuildFile; fileRef = 2A211B791CAB1936004EA330 /* DisplayViewController.m */; };
		2A211B7D1CAB1943004EA330 /* InfoViewController.m in Sources */ = {isa = PBXBuildFile; fileRef = 2A211B7C1CAB1943004EA330 /* InfoViewController.m */; };
		2A211B801CAB1D30004EA330 /* Photo.m in Sources */ = {isa = PBXBuildFile; fileRef = 2A211B7F1CAB1D30004EA330 /* Photo.m */; };
/* End PBXBuildFile section */

/* Begin PBXContainerItemProxy section */
		2A211B3A1CA9C962004EA330 /* PBXContainerItemProxy */ = {
			isa = PBXContainerItemProxy;
			containerPortal = 2A211B181CA9C962004EA330 /* Project object */;
			proxyType = 1;
			remoteGlobalIDString = 2A211B1F1CA9C962004EA330;
			remoteInfo = PhotoViewerApp;
		};
		2A211B451CA9C962004EA330 /* PBXContainerItemProxy */ = {
			isa = PBXContainerItemProxy;
			containerPortal = 2A211B181CA9C962004EA330 /* Project object */;
			proxyType = 1;
			remoteGlobalIDString = 2A211B1F1CA9C962004EA330;
			remoteInfo = PhotoViewerApp;
		};
/* End PBXContainerItemProxy section */

/* Begin PBXFileReference section */
		2A211B201CA9C962004EA330 /* PhotoViewerApp.app */ = {isa = PBXFileReference; explicitFileType = wrapper.application; includeInIndex = 0; path = PhotoViewerApp.app; sourceTree = BUILT_PRODUCTS_DIR; };
		2A211B241CA9C962004EA330 /* main.m */ = {isa = PBXFileReference; lastKnownFileType = sourcecode.c.objc; path = main.m; sourceTree = "<group>"; };
		2A211B261CA9C962004EA330 /* AppDelegate.h */ = {isa = PBXFileReference; lastKnownFileType = sourcecode.c.h; path = AppDelegate.h; sourceTree = "<group>"; };
		2A211B271CA9C962004EA330 /* AppDelegate.m */ = {isa = PBXFileReference; lastKnownFileType = sourcecode.c.objc; path = AppDelegate.m; sourceTree = "<group>"; };
		2A211B2D1CA9C962004EA330 /* Base */ = {isa = PBXFileReference; lastKnownFileType = file.storyboard; name = Base; path = Base.lproj/Main.storyboard; sourceTree = "<group>"; };
		2A211B2F1CA9C962004EA330 /* Assets.xcassets */ = {isa = PBXFileReference; lastKnownFileType = folder.assetcatalog; path = Assets.xcassets; sourceTree = "<group>"; };
		2A211B321CA9C962004EA330 /* Base */ = {isa = PBXFileReference; lastKnownFileType = file.storyboard; name = Base; path = Base.lproj/LaunchScreen.storyboard; sourceTree = "<group>"; };
		2A211B341CA9C962004EA330 /* Info.plist */ = {isa = PBXFileReference; lastKnownFileType = text.plist.xml; path = Info.plist; sourceTree = "<group>"; };
		2A211B391CA9C962004EA330 /* PhotoViewerAppTests.xctest */ = {isa = PBXFileReference; explicitFileType = wrapper.cfbundle; includeInIndex = 0; path = PhotoViewerAppTests.xctest; sourceTree = BUILT_PRODUCTS_DIR; };
		2A211B3D1CA9C962004EA330 /* PhotoViewerAppTests.m */ = {isa = PBXFileReference; lastKnownFileType = sourcecode.c.objc; path = PhotoViewerAppTests.m; sourceTree = "<group>"; };
		2A211B3F1CA9C962004EA330 /* Info.plist */ = {isa = PBXFileReference; lastKnownFileType = text.plist.xml; path = Info.plist; sourceTree = "<group>"; };
		2A211B441CA9C962004EA330 /* PhotoViewerAppUITests.xctest */ = {isa = PBXFileReference; explicitFileType = wrapper.cfbundle; includeInIndex = 0; path = PhotoViewerAppUITests.xctest; sourceTree = BUILT_PRODUCTS_DIR; };
		2A211B481CA9C962004EA330 /* PhotoViewerAppUITests.m */ = {isa = PBXFileReference; lastKnownFileType = sourcecode.c.objc; path = PhotoViewerAppUITests.m; sourceTree = "<group>"; };
		2A211B4A1CA9C962004EA330 /* Info.plist */ = {isa = PBXFileReference; lastKnownFileType = text.plist.xml; path = Info.plist; sourceTree = "<group>"; };
		2A211B751CAB18F9004EA330 /* PhotosTableViewController.h */ = {isa = PBXFileReference; fileEncoding = 4; lastKnownFileType = sourcecode.c.h; path = PhotosTableViewController.h; sourceTree = "<group>"; };
		2A211B761CAB18F9004EA330 /* PhotosTableViewController.m */ = {isa = PBXFileReference; fileEncoding = 4; lastKnownFileType = sourcecode.c.objc; path = PhotosTableViewController.m; sourceTree = "<group>"; };
		2A211B781CAB1936004EA330 /* DisplayViewController.h */ = {isa = PBXFileReference; fileEncoding = 4; lastKnownFileType = sourcecode.c.h; path = DisplayViewController.h; sourceTree = "<group>"; };
		2A211B791CAB1936004EA330 /* DisplayViewController.m */ = {isa = PBXFileReference; fileEncoding = 4; lastKnownFileType = sourcecode.c.objc; path = DisplayViewController.m; sourceTree = "<group>"; };
		2A211B7B1CAB1943004EA330 /* InfoViewController.h */ = {isa = PBXFileReference; fileEncoding = 4; lastKnownFileType = sourcecode.c.h; path = InfoViewController.h; sourceTree = "<group>"; };
		2A211B7C1CAB1943004EA330 /* InfoViewController.m */ = {isa = PBXFileReference; fileEncoding = 4; lastKnownFileType = sourcecode.c.objc; path = InfoViewController.m; sourceTree = "<group>"; };
		2A211B7E1CAB1D30004EA330 /* Photo.h */ = {isa = PBXFileReference; fileEncoding = 4; lastKnownFileType = sourcecode.c.h; path = Photo.h; sourceTree = "<group>"; };
		2A211B7F1CAB1D30004EA330 /* Photo.m */ = {isa = PBXFileReference; fileEncoding = 4; lastKnownFileType = sourcecode.c.objc; path = Photo.m; sourceTree = "<group>"; };
/* End PBXFileReference section */

/* Begin PBXFrameworksBuildPhase section */
		2A211B1D1CA9C962004EA330 /* Frameworks */ = {
			isa = PBXFrameworksBuildPhase;
			buildActionMask = 2147483647;
			files = (
			);
			runOnlyForDeploymentPostprocessing = 0;
		};
		2A211B361CA9C962004EA330 /* Frameworks */ = {
			isa = PBXFrameworksBuildPhase;
			buildActionMask = 2147483647;
			files = (
			);
			runOnlyForDeploymentPostprocessing = 0;
		};
		2A211B411CA9C962004EA330 /* Frameworks */ = {
			isa = PBXFrameworksBuildPhase;
			buildActionMask = 2147483647;
			files = (
			);
			runOnlyForDeploymentPostprocessing = 0;
		};
/* End PBXFrameworksBuildPhase section */

/* Begin PBXGroup section */
		2A211B171CA9C962004EA330 = {
			isa = PBXGroup;
			children = (
				2A211B221CA9C962004EA330 /* PhotoViewerApp */,
				2A211B3C1CA9C962004EA330 /* PhotoViewerAppTests */,
				2A211B471CA9C962004EA330 /* PhotoViewerAppUITests */,
				2A211B211CA9C962004EA330 /* Products */,
			);
			sourceTree = "<group>";
		};
		2A211B211CA9C962004EA330 /* Products */ = {
			isa = PBXGroup;
			children = (
				2A211B201CA9C962004EA330 /* PhotoViewerApp.app */,
				2A211B391CA9C962004EA330 /* PhotoViewerAppTests.xctest */,
				2A211B441CA9C962004EA330 /* PhotoViewerAppUITests.xctest */,
			);
			name = Products;
			sourceTree = "<group>";
		};
		2A211B221CA9C962004EA330 /* PhotoViewerApp */ = {
			isa = PBXGroup;
			children = (
				2A211B271CA9C962004EA330 /* AppDelegate.m */,
				2A211B261CA9C962004EA330 /* AppDelegate.h */,
				2A211B2C1CA9C962004EA330 /* Main.storyboard */,
				2A211B781CAB1936004EA330 /* DisplayViewController.h */,
				2A211B791CAB1936004EA330 /* DisplayViewController.m */,
				2A211B7B1CAB1943004EA330 /* InfoViewController.h */,
				2A211B7C1CAB1943004EA330 /* InfoViewController.m */,
				2A211B751CAB18F9004EA330 /* PhotosTableViewController.h */,
				2A211B761CAB18F9004EA330 /* PhotosTableViewController.m */,
				2A211B2F1CA9C962004EA330 /* Assets.xcassets */,
				2A211B7E1CAB1D30004EA330 /* Photo.h */,
				2A211B7F1CAB1D30004EA330 /* Photo.m */,
				2A211B311CA9C962004EA330 /* LaunchScreen.storyboard */,
				2A211B341CA9C962004EA330 /* Info.plist */,
				2A211B231CA9C962004EA330 /* Supporting Files */,
			);
			path = PhotoViewerApp;
			sourceTree = "<group>";
		};
		2A211B231CA9C962004EA330 /* Supporting Files */ = {
			isa = PBXGroup;
			children = (
				2A211B241CA9C962004EA330 /* main.m */,
			);
			name = "Supporting Files";
			sourceTree = "<group>";
		};
		2A211B3C1CA9C962004EA330 /* PhotoViewerAppTests */ = {
			isa = PBXGroup;
			children = (
				2A211B3D1CA9C962004EA330 /* PhotoViewerAppTests.m */,
				2A211B3F1CA9C962004EA330 /* Info.plist */,
			);
			path = PhotoViewerAppTests;
			sourceTree = "<group>";
		};
		2A211B471CA9C962004EA330 /* PhotoViewerAppUITests */ = {
			isa = PBXGroup;
			children = (
				2A211B481CA9C962004EA330 /* PhotoViewerAppUITests.m */,
				2A211B4A1CA9C962004EA330 /* Info.plist */,
			);
			path = PhotoViewerAppUITests;
			sourceTree = "<group>";
		};
/* End PBXGroup section */

/* Begin PBXNativeTarget section */
		2A211B1F1CA9C962004EA330 /* PhotoViewerApp */ = {
			isa = PBXNativeTarget;
			buildConfigurationList = 2A211B4D1CA9C962004EA330 /* Build configuration list for PBXNativeTarget "PhotoViewerApp" */;
			buildPhases = (
				2A211B1C1CA9C962004EA330 /* Sources */,
				2A211B1D1CA9C962004EA330 /* Frameworks */,
				2A211B1E1CA9C962004EA330 /* Resources */,
			);
			buildRules = (
			);
			dependencies = (
			);
			name = PhotoViewerApp;
			productName = PhotoViewerApp;
			productReference = 2A211B201CA9C962004EA330 /* PhotoViewerApp.app */;
			productType = "com.apple.product-type.application";
		};
		2A211B381CA9C962004EA330 /* PhotoViewerAppTests */ = {
			isa = PBXNativeTarget;
			buildConfigurationList = 2A211B501CA9C962004EA330 /* Build configuration list for PBXNativeTarget "PhotoViewerAppTests" */;
			buildPhases = (
				2A211B351CA9C962004EA330 /* Sources */,
				2A211B361CA9C962004EA330 /* Frameworks */,
				2A211B371CA9C962004EA330 /* Resources */,
			);
			buildRules = (
			);
			dependencies = (
				2A211B3B1CA9C962004EA330 /* PBXTargetDependency */,
			);
			name = PhotoViewerAppTests;
			productName = PhotoViewerAppTests;
			productReference = 2A211B391CA9C962004EA330 /* PhotoViewerAppTests.xctest */;
			productType = "com.apple.product-type.bundle.unit-test";
		};
		2A211B431CA9C962004EA330 /* PhotoViewerAppUITests */ = {
			isa = PBXNativeTarget;
			buildConfigurationList = 2A211B531CA9C962004EA330 /* Build configuration list for PBXNativeTarget "PhotoViewerAppUITests" */;
			buildPhases = (
				2A211B401CA9C962004EA330 /* Sources */,
				2A211B411CA9C962004EA330 /* Frameworks */,
				2A211B421CA9C962004EA330 /* Resources */,
			);
			buildRules = (
			);
			dependencies = (
				2A211B461CA9C962004EA330 /* PBXTargetDependency */,
			);
			name = PhotoViewerAppUITests;
			productName = PhotoViewerAppUITests;
			productReference = 2A211B441CA9C962004EA330 /* PhotoViewerAppUITests.xctest */;
			productType = "com.apple.product-type.bundle.ui-testing";
		};
/* End PBXNativeTarget section */

/* Begin PBXProject section */
		2A211B181CA9C962004EA330 /* Project object */ = {
			isa = PBXProject;
			attributes = {
				LastUpgradeCheck = 0730;
				ORGANIZATIONNAME = "Kevin Kabore";
				TargetAttributes = {
					2A211B1F1CA9C962004EA330 = {
						CreatedOnToolsVersion = 7.3;
					};
					2A211B381CA9C962004EA330 = {
						CreatedOnToolsVersion = 7.3;
						TestTargetID = 2A211B1F1CA9C962004EA330;
					};
					2A211B431CA9C962004EA330 = {
						CreatedOnToolsVersion = 7.3;
						TestTargetID = 2A211B1F1CA9C962004EA330;
					};
				};
			};
			buildConfigurationList = 2A211B1B1CA9C962004EA330 /* Build configuration list for PBXProject "PhotoViewerApp" */;
			compatibilityVersion = "Xcode 3.2";
			developmentRegion = English;
			hasScannedForEncodings = 0;
			knownRegions = (
				en,
				Base,
			);
			mainGroup = 2A211B171CA9C962004EA330;
			productRefGroup = 2A211B211CA9C962004EA330 /* Products */;
			projectDirPath = "";
			projectRoot = "";
			targets = (
				2A211B1F1CA9C962004EA330 /* PhotoViewerApp */,
				2A211B381CA9C962004EA330 /* PhotoViewerAppTests */,
				2A211B431CA9C962004EA330 /* PhotoViewerAppUITests */,
			);
		};
/* End PBXProject section */

/* Begin PBXResourcesBuildPhase section */
		2A211B1E1CA9C962004EA330 /* Resources */ = {
			isa = PBXResourcesBuildPhase;
			buildActionMask = 2147483647;
			files = (
				2A211B331CA9C962004EA330 /* LaunchScreen.storyboard in Resources */,
				2A211B301CA9C962004EA330 /* Assets.xcassets in Resources */,
				2A211B2E1CA9C962004EA330 /* Main.storyboard in Resources */,
			);
			runOnlyForDeploymentPostprocessing = 0;
		};
		2A211B371CA9C962004EA330 /* Resources */ = {
			isa = PBXResourcesBuildPhase;
			buildActionMask = 2147483647;
			files = (
			);
			runOnlyForDeploymentPostprocessing = 0;
		};
		2A211B421CA9C962004EA330 /* Resources */ = {
			isa = PBXResourcesBuildPhase;
			buildActionMask = 2147483647;
			files = (
			);
			runOnlyForDeploymentPostprocessing = 0;
		};
/* End PBXResourcesBuildPhase section */

/* Begin PBXSourcesBuildPhase section */
		2A211B1C1CA9C962004EA330 /* Sources */ = {
			isa = PBXSourcesBuildPhase;
			buildActionMask = 2147483647;
			files = (
				2A211B801CAB1D30004EA330 /* Photo.m in Sources */,
				2A211B7A1CAB1936004EA330 /* DisplayViewController.m in Sources */,
				2A211B7D1CAB1943004EA330 /* InfoViewController.m in Sources */,
				2A211B281CA9C962004EA330 /* AppDelegate.m in Sources */,
				2A211B771CAB18F9004EA330 /* PhotosTableViewController.m in Sources */,
				2A211B251CA9C962004EA330 /* main.m in Sources */,
			);
			runOnlyForDeploymentPostprocessing = 0;
		};
		2A211B351CA9C962004EA330 /* Sources */ = {
			isa = PBXSourcesBuildPhase;
			buildActionMask = 2147483647;
			files = (
				2A211B3E1CA9C962004EA330 /* PhotoViewerAppTests.m in Sources */,
			);
			runOnlyForDeploymentPostprocessing = 0;
		};
		2A211B401CA9C962004EA330 /* Sources */ = {
			isa = PBXSourcesBuildPhase;
			buildActionMask = 2147483647;
			files = (
				2A211B491CA9C962004EA330 /* PhotoViewerAppUITests.m in Sources */,
			);
			runOnlyForDeploymentPostprocessing = 0;
		};
/* End PBXSourcesBuildPhase section */

/* Begin PBXTargetDependency section */
		2A211B3B1CA9C962004EA330 /* PBXTargetDependency */ = {
			isa = PBXTargetDependency;
			target = 2A211B1F1CA9C962004EA330 /* PhotoViewerApp */;
			targetProxy = 2A211B3A1CA9C962004EA330 /* PBXContainerItemProxy */;
		};
		2A211B461CA9C962004EA330 /* PBXTargetDependency */ = {
			isa = PBXTargetDependency;
			target = 2A211B1F1CA9C962004EA330 /* PhotoViewerApp */;
			targetProxy = 2A211B451CA9C962004EA330 /* PBXContainerItemProxy */;
		};
/* End PBXTargetDependency section */

/* Begin PBXVariantGroup section */
		2A211B2C1CA9C962004EA330 /* Main.storyboard */ = {
			isa = PBXVariantGroup;
			children = (
				2A211B2D1CA9C962004EA330 /* Base */,
			);
			name = Main.storyboard;
			sourceTree = "<group>";
		};
		2A211B311CA9C962004EA330 /* LaunchScreen.storyboard */ = {
			isa = PBXVariantGroup;
			children = (
				2A211B321CA9C962004EA330 /* Base */,
			);
			name = LaunchScreen.storyboard;
			sourceTree = "<group>";
		};
/* End PBXVariantGroup section */

/* Begin XCBuildConfiguration section */
		2A211B4B1CA9C962004EA330 /* Debug */ = {
			isa = XCBuildConfiguration;
			buildSettings = {
				ALWAYS_SEARCH_USER_PATHS = NO;
				CLANG_ANALYZER_NONNULL = YES;
				CLANG_CXX_LANGUAGE_STANDARD = "gnu++0x";
				CLANG_CXX_LIBRARY = "libc++";
				CLANG_ENABLE_MODULES = YES;
				CLANG_ENABLE_OBJC_ARC = YES;
				CLANG_WARN_BOOL_CONVERSION = YES;
				CLANG_WARN_CONSTANT_CONVERSION = YES;
				CLANG_WARN_DIRECT_OBJC_ISA_USAGE = YES_ERROR;
				CLANG_WARN_EMPTY_BODY = YES;
				CLANG_WARN_ENUM_CONVERSION = YES;
				CLANG_WARN_INT_CONVERSION = YES;
				CLANG_WARN_OBJC_ROOT_CLASS = YES_ERROR;
				CLANG_WARN_UNREACHABLE_CODE = YES;
				CLANG_WARN__DUPLICATE_METHOD_MATCH = YES;
				"CODE_SIGN_IDENTITY[sdk=iphoneos*]" = "iPhone Developer";
				COPY_PHASE_STRIP = NO;
				DEBUG_INFORMATION_FORMAT = dwarf;
				ENABLE_STRICT_OBJC_MSGSEND = YES;
				ENABLE_TESTABILITY = YES;
				GCC_C_LANGUAGE_STANDARD = gnu99;
				GCC_DYNAMIC_NO_PIC = NO;
				GCC_NO_COMMON_BLOCKS = YES;
				GCC_OPTIMIZATION_LEVEL = 0;
				GCC_PREPROCESSOR_DEFINITIONS = (
					"DEBUG=1",
					"$(inherited)",
				);
				GCC_WARN_64_TO_32_BIT_CONVERSION = YES;
				GCC_WARN_ABOUT_RETURN_TYPE = YES_ERROR;
				GCC_WARN_UNDECLARED_SELECTOR = YES;
				GCC_WARN_UNINITIALIZED_AUTOS = YES_AGGRESSIVE;
				GCC_WARN_UNUSED_FUNCTION = YES;
				GCC_WARN_UNUSED_VARIABLE = YES;
				IPHONEOS_DEPLOYMENT_TARGET = 9.3;
				MTL_ENABLE_DEBUG_INFO = YES;
				ONLY_ACTIVE_ARCH = YES;
				SDKROOT = iphoneos;
			};
			name = Debug;
		};
		2A211B4C1CA9C962004EA330 /* Release */ = {
			isa = XCBuildConfiguration;
			buildSettings = {
				ALWAYS_SEARCH_USER_PATHS = NO;
				CLANG_ANALYZER_NONNULL = YES;
				CLANG_CXX_LANGUAGE_STANDARD = "gnu++0x";
				CLANG_CXX_LIBRARY = "libc++";
				CLANG_ENABLE_MODULES = YES;
				CLANG_ENABLE_OBJC_ARC = YES;
				CLANG_WARN_BOOL_CONVERSION = YES;
				CLANG_WARN_CONSTANT_CONVERSION = YES;
				CLANG_WARN_DIRECT_OBJC_ISA_USAGE = YES_ERROR;
				CLANG_WARN_EMPTY_BODY = YES;
				CLANG_WARN_ENUM_CONVERSION = YES;
				CLANG_WARN_INT_CONVERSION = YES;
				CLANG_WARN_OBJC_ROOT_CLASS = YES_ERROR;
				CLANG_WARN_UNREACHABLE_CODE = YES;
				CLANG_WARN__DUPLICATE_METHOD_MATCH = YES;
				"CODE_SIGN_IDENTITY[sdk=iphoneos*]" = "iPhone Developer";
				COPY_PHASE_STRIP = NO;
				DEBUG_INFORMATION_FORMAT = "dwarf-with-dsym";
				ENABLE_NS_ASSERTIONS = NO;
				ENABLE_STRICT_OBJC_MSGSEND = YES;
				GCC_C_LANGUAGE_STANDARD = gnu99;
				GCC_NO_COMMON_BLOCKS = YES;
				GCC_WARN_64_TO_32_BIT_CONVERSION = YES;
				GCC_WARN_ABOUT_RETURN_TYPE = YES_ERROR;
				GCC_WARN_UNDECLARED_SELECTOR = YES;
				GCC_WARN_UNINITIALIZED_AUTOS = YES_AGGRESSIVE;
				GCC_WARN_UNUSED_FUNCTION = YES;
				GCC_WARN_UNUSED_VARIABLE = YES;
				IPHONEOS_DEPLOYMENT_TARGET = 9.3;
				MTL_ENABLE_DEBUG_INFO = NO;
				SDKROOT = iphoneos;
				VALIDATE_PRODUCT = YES;
			};
			name = Release;
		};
		2A211B4E1CA9C962004EA330 /* Debug */ = {
			isa = XCBuildConfiguration;
			buildSettings = {
				ASSETCATALOG_COMPILER_APPICON_NAME = AppIcon;
				INFOPLIST_FILE = PhotoViewerApp/Info.plist;
				LD_RUNPATH_SEARCH_PATHS = "$(inherited) @executable_path/Frameworks";
				PRODUCT_BUNDLE_IDENTIFIER = com.KaboreKevin.PhotoViewerApp;
				PRODUCT_NAME = "$(TARGET_NAME)";
			};
			name = Debug;
		};
		2A211B4F1CA9C962004EA330 /* Release */ = {
			isa = XCBuildConfiguration;
			buildSettings = {
				ASSETCATALOG_COMPILER_APPICON_NAME = AppIcon;
				INFOPLIST_FILE = PhotoViewerApp/Info.plist;
				LD_RUNPATH_SEARCH_PATHS = "$(inherited) @executable_path/Frameworks";
				PRODUCT_BUNDLE_IDENTIFIER = com.KaboreKevin.PhotoViewerApp;
				PRODUCT_NAME = "$(TARGET_NAME)";
			};
			name = Release;
		};
		2A211B511CA9C962004EA330 /* Debug */ = {
			isa = XCBuildConfiguration;
			buildSettings = {
				BUNDLE_LOADER = "$(TEST_HOST)";
				INFOPLIST_FILE = PhotoViewerAppTests/Info.plist;
				LD_RUNPATH_SEARCH_PATHS = "$(inherited) @executable_path/Frameworks @loader_path/Frameworks";
				PRODUCT_BUNDLE_IDENTIFIER = com.KaboreKevin.PhotoViewerAppTests;
				PRODUCT_NAME = "$(TARGET_NAME)";
				TEST_HOST = "$(BUILT_PRODUCTS_DIR)/PhotoViewerApp.app/PhotoViewerApp";
			};
			name = Debug;
		};
		2A211B521CA9C962004EA330 /* Release */ = {
			isa = XCBuildConfiguration;
			buildSettings = {
				BUNDLE_LOADER = "$(TEST_HOST)";
				INFOPLIST_FILE = PhotoViewerAppTests/Info.plist;
				LD_RUNPATH_SEARCH_PATHS = "$(inherited) @executable_path/Frameworks @loader_path/Frameworks";
				PRODUCT_BUNDLE_IDENTIFIER = com.KaboreKevin.PhotoViewerAppTests;
				PRODUCT_NAME = "$(TARGET_NAME)";
				TEST_HOST = "$(BUILT_PRODUCTS_DIR)/PhotoViewerApp.app/PhotoViewerApp";
			};
			name = Release;
		};
		2A211B541CA9C962004EA330 /* Debug */ = {
			isa = XCBuildConfiguration;
			buildSettings = {
				INFOPLIST_FILE = PhotoViewerAppUITests/Info.plist;
				LD_RUNPATH_SEARCH_PATHS = "$(inherited) @executable_path/Frameworks @loader_path/Frameworks";
				PRODUCT_BUNDLE_IDENTIFIER = com.KaboreKevin.PhotoViewerAppUITests;
				PRODUCT_NAME = "$(TARGET_NAME)";
				TEST_TARGET_NAME = PhotoViewerApp;
			};
			name = Debug;
		};
		2A211B551CA9C962004EA330 /* Release */ = {
			isa = XCBuildConfiguration;
			buildSettings = {
				INFOPLIST_FILE = PhotoViewerAppUITests/Info.plist;
				LD_RUNPATH_SEARCH_PATHS = "$(inherited) @executable_path/Frameworks @loader_path/Frameworks";
				PRODUCT_BUNDLE_IDENTIFIER = com.KaboreKevin.PhotoViewerAppUITests;
				PRODUCT_NAME = "$(TARGET_NAME)";
				TEST_TARGET_NAME = PhotoViewerApp;
			};
			name = Release;
		};
/* End XCBuildConfiguration section */

/* Begin XCConfigurationList section */
		2A211B1B1CA9C962004EA330 /* Build configuration list for PBXProject "PhotoViewerApp" */ = {
			isa = XCConfigurationList;
			buildConfigurations = (
				2A211B4B1CA9C962004EA330 /* Debug */,
				2A211B4C1CA9C962004EA330 /* Release */,
			);
			defaultConfigurationIsVisible = 0;
			defaultConfigurationName = Release;
		};
		2A211B4D1CA9C962004EA330 /* Build configuration list for PBXNativeTarget "PhotoViewerApp" */ = {
			isa = XCConfigurationList;
			buildConfigurations = (
				2A211B4E1CA9C962004EA330 /* Debug */,
				2A211B4F1CA9C962004EA330 /* Release */,
			);
			defaultConfigurationIsVisible = 0;
		};
		2A211B501CA9C962004EA330 /* Build configuration list for PBXNativeTarget "PhotoViewerAppTests" */ = {
			isa = XCConfigurationList;
			buildConfigurations = (
				2A211B511CA9C962004EA330 /* Debug */,
				2A211B521CA9C962004EA330 /* Release */,
			);
			defaultConfigurationIsVisible = 0;
		};
		2A211B531CA9C962004EA330 /* Build configuration list for PBXNativeTarget "PhotoViewerAppUITests" */ = {
			isa = XCConfigurationList;
			buildConfigurations = (
				2A211B541CA9C962004EA330 /* Debug */,
				2A211B551CA9C962004EA330 /* Release */,
			);
			defaultConfigurationIsVisible = 0;
		};
/* End XCConfigurationList section */
	};
	rootObject = 2A211B181CA9C962004EA330 /* Project object */;
}
